
Microsoft Visual Studio Solution File, Format Version 12.00
# Visual Studio Version 17
VisualStudioVersion = 17.14.36623.8 d17.14
MinimumVisualStudioVersion = 10.0.40219.1
Project("{FAE04EC0-301F-11D3-BF4B-00C04F79EFBC}") = "FoodService", "FoodService.csproj", "{580C4547-F53C-4D07-85D7-81E570035B01}"
EndProject
Global
	GlobalSection(SolutionConfigurationPlatforms) = preSolution
		Debug|Any CPU = Debug|Any CPU
		Release|Any CPU = Release|Any CPU
	EndGlobalSection
	GlobalSection(ProjectConfigurationPlatforms) = postSolution
		{580C4547-F53C-4D07-85D7-81E570035B01}.Debug|Any CPU.ActiveCfg = Debug|Any CPU
		{580C4547-F53C-4D07-85D7-81E570035B01}.Debug|Any CPU.Build.0 = Debug|Any CPU
		{580C4547-F53C-4D07-85D7-81E570035B01}.Release|Any CPU.ActiveCfg = Release|Any CPU
		{580C4547-F53C-4D07-85D7-81E570035B01}.Release|Any CPU.Build.0 = Release|Any CPU
	EndGlobalSection
	GlobalSection(SolutionProperties) = preSolution
		HideSolutionNode = FALSE
	EndGlobalSection
	GlobalSection(ExtensibilityGlobals) = postSolution
		SolutionGuid = {B7CA818A-4924-491A-9137-817E9BA1247D}
	EndGlobalSection
EndGlobal
